
Microsoft Visual Studio Solution File, Format Version 12.00
# Visual Studio Version 16
VisualStudioVersion = 16.0.29728.190
MinimumVisualStudioVersion = 10.0.40219.1
Project("{FAE04EC0-301F-11D3-BF4B-00C04F79EFBC}") = "Lab10_rent_a_car", "Lab10_rent_a_car\Lab10_rent_a_car.csproj", "{948485EC-C929-4723-87C1-31CC0F42E61F}"
EndProject
Global
	GlobalSection(SolutionConfigurationPlatforms) = preSolution
		Debug|Any CPU = Debug|Any CPU
		Release|Any CPU = Release|Any CPU
	EndGlobalSection
	GlobalSection(ProjectConfigurationPlatforms) = postSolution
		{948485EC-C929-4723-87C1-31CC0F42E61F}.Debug|Any CPU.ActiveCfg = Debug|Any CPU
		{948485EC-C929-4723-87C1-31CC0F42E61F}.Debug|Any CPU.Build.0 = Debug|Any CPU
		{948485EC-C929-4723-87C1-31CC0F42E61F}.Release|Any CPU.ActiveCfg = Release|Any CPU
		{948485EC-C929-4723-87C1-31CC0F42E61F}.Release|Any CPU.Build.0 = Release|Any CPU
	EndGlobalSection
	GlobalSection(SolutionProperties) = preSolution
		HideSolutionNode = FALSE
	EndGlobalSection
	GlobalSection(ExtensibilityGlobals) = postSolution
		SolutionGuid = {D765CF8A-78E4-46F2-B40F-592FC0E631FB}
	EndGlobalSection
EndGlobal
